{
	"requires": true,
	"lockfileVersion": 1,
	"dependencies": {
		"lix": {
			"version": "15.8.9",
			"resolved": "https://registry.npmjs.org/lix/-/lix-15.8.9.tgz",
			"integrity": "sha512-PeyaVHuq6I5q7Gf6YL74zhK9ASPGncF+L405my+waKcFFhtIF8LzrcNWGhcVuJwOHW1VD32+UiTRKoWbHwvvjg==",
			"dev": true
		}
	}
}
