{
	"requires": true,
	"lockfileVersion": 1,
	"dependencies": {
		"lix": {
			"version": "15.8.6",
			"resolved": "https://registry.npmjs.org/lix/-/lix-15.8.6.tgz",
			"integrity": "sha512-rHvwDuclOOigJlGJ1chplT6zEf4msh90lfmo5em8sX5UoiXcaMMN/DkO5i5TRvkxb9g8EBhFxyjZwEdU/kQCFQ==",
			"dev": true
		}
	}
}
